{
  "name": "edwardprince.com",
  "version": "1.0.0",
  "lockfileVersion": 1,
  "requires": true,
  "dependencies": {
    "pebble-css": {
      "version": "0.1.23",
      "resolved": "https://registry.npmjs.org/pebble-css/-/pebble-css-0.1.23.tgz",
      "integrity": "sha512-mHamFvLWmZYgmvAoNUSMWUaDqESg+ya9XN3bvLJ03kq6jrREilN0C4KhX2BafkxCnAZnRgP1jdYSX7SvRgljaA=="
    }
  }
}
